
Microsoft Visual Studio Solution File, Format Version 12.00
# Visual Studio 15
VisualStudioVersion = 15.0.27428.2015
MinimumVisualStudioVersion = 10.0.40219.1
Project("{FAE04EC0-301F-11D3-BF4B-00C04F79EFBC}") = "AtomicStation", "AtomicStation\AtomicStation.csproj", "{CE1B5495-F367-49BC-957F-004FDA22E6B0}"
EndProject
Global
	GlobalSection(SolutionConfigurationPlatforms) = preSolution
		Debug|Any CPU = Debug|Any CPU
		Release|Any CPU = Release|Any CPU
	EndGlobalSection
	GlobalSection(ProjectConfigurationPlatforms) = postSolution
		{CE1B5495-F367-49BC-957F-004FDA22E6B0}.Debug|Any CPU.ActiveCfg = Debug|Any CPU
		{CE1B5495-F367-49BC-957F-004FDA22E6B0}.Debug|Any CPU.Build.0 = Debug|Any CPU
		{CE1B5495-F367-49BC-957F-004FDA22E6B0}.Release|Any CPU.ActiveCfg = Release|Any CPU
		{CE1B5495-F367-49BC-957F-004FDA22E6B0}.Release|Any CPU.Build.0 = Release|Any CPU
	EndGlobalSection
	GlobalSection(SolutionProperties) = preSolution
		HideSolutionNode = FALSE
	EndGlobalSection
	GlobalSection(ExtensibilityGlobals) = postSolution
		SolutionGuid = {2B280517-26A2-4019-B1E3-54BE122545A1}
	EndGlobalSection
EndGlobal
