
Microsoft Visual Studio Solution File, Format Version 12.00
# Visual Studio 15
VisualStudioVersion = 15.0.26730.16
MinimumVisualStudioVersion = 10.0.40219.1
Project("{FAE04EC0-301F-11D3-BF4B-00C04F79EFBC}") = "task4_7", "task4_7\task4_7.csproj", "{3C86C878-FC44-46EA-BC5A-2E96F09F5071}"
EndProject
Global
	GlobalSection(SolutionConfigurationPlatforms) = preSolution
		Debug|Any CPU = Debug|Any CPU
		Release|Any CPU = Release|Any CPU
	EndGlobalSection
	GlobalSection(ProjectConfigurationPlatforms) = postSolution
		{3C86C878-FC44-46EA-BC5A-2E96F09F5071}.Debug|Any CPU.ActiveCfg = Debug|Any CPU
		{3C86C878-FC44-46EA-BC5A-2E96F09F5071}.Debug|Any CPU.Build.0 = Debug|Any CPU
		{3C86C878-FC44-46EA-BC5A-2E96F09F5071}.Release|Any CPU.ActiveCfg = Release|Any CPU
		{3C86C878-FC44-46EA-BC5A-2E96F09F5071}.Release|Any CPU.Build.0 = Release|Any CPU
	EndGlobalSection
	GlobalSection(SolutionProperties) = preSolution
		HideSolutionNode = FALSE
	EndGlobalSection
	GlobalSection(ExtensibilityGlobals) = postSolution
		SolutionGuid = {972BF97C-BC93-400D-8B59-F6E0D20C14EC}
	EndGlobalSection
EndGlobal
