
Microsoft Visual Studio Solution File, Format Version 12.00
# Visual Studio 15
VisualStudioVersion = 15.0.27130.2003
MinimumVisualStudioVersion = 10.0.40219.1
Project("{FAE04EC0-301F-11D3-BF4B-00C04F79EFBC}") = "beep_beep", "beep_beep\beep_beep.csproj", "{70896FC9-05C5-4550-9CA4-D8D78018DB6E}"
EndProject
Global
	GlobalSection(SolutionConfigurationPlatforms) = preSolution
		Debug|Any CPU = Debug|Any CPU
		Release|Any CPU = Release|Any CPU
	EndGlobalSection
	GlobalSection(ProjectConfigurationPlatforms) = postSolution
		{70896FC9-05C5-4550-9CA4-D8D78018DB6E}.Debug|Any CPU.ActiveCfg = Debug|Any CPU
		{70896FC9-05C5-4550-9CA4-D8D78018DB6E}.Debug|Any CPU.Build.0 = Debug|Any CPU
		{70896FC9-05C5-4550-9CA4-D8D78018DB6E}.Release|Any CPU.ActiveCfg = Release|Any CPU
		{70896FC9-05C5-4550-9CA4-D8D78018DB6E}.Release|Any CPU.Build.0 = Release|Any CPU
	EndGlobalSection
	GlobalSection(SolutionProperties) = preSolution
		HideSolutionNode = FALSE
	EndGlobalSection
	GlobalSection(ExtensibilityGlobals) = postSolution
		SolutionGuid = {49434330-95C5-469B-98E5-F7F804BC6363}
	EndGlobalSection
EndGlobal
