
Microsoft Visual Studio Solution File, Format Version 12.00
# Visual Studio 15
VisualStudioVersion = 15.0.26730.16
MinimumVisualStudioVersion = 10.0.40219.1
Project("{FAE04EC0-301F-11D3-BF4B-00C04F79EFBC}") = "task1_16", "task1_16\task1_16.csproj", "{6B02FE26-9E1A-4807-A593-B9D9493A733D}"
EndProject
Global
	GlobalSection(SolutionConfigurationPlatforms) = preSolution
		Debug|Any CPU = Debug|Any CPU
		Release|Any CPU = Release|Any CPU
	EndGlobalSection
	GlobalSection(ProjectConfigurationPlatforms) = postSolution
		{6B02FE26-9E1A-4807-A593-B9D9493A733D}.Debug|Any CPU.ActiveCfg = Debug|Any CPU
		{6B02FE26-9E1A-4807-A593-B9D9493A733D}.Debug|Any CPU.Build.0 = Debug|Any CPU
		{6B02FE26-9E1A-4807-A593-B9D9493A733D}.Release|Any CPU.ActiveCfg = Release|Any CPU
		{6B02FE26-9E1A-4807-A593-B9D9493A733D}.Release|Any CPU.Build.0 = Release|Any CPU
	EndGlobalSection
	GlobalSection(SolutionProperties) = preSolution
		HideSolutionNode = FALSE
	EndGlobalSection
	GlobalSection(ExtensibilityGlobals) = postSolution
		SolutionGuid = {B8DEE9FA-1476-4EEE-AF7F-3C9EE4B00B7C}
	EndGlobalSection
EndGlobal
